
Microsoft Visual Studio Solution File, Format Version 12.00
# Visual Studio Version 16
VisualStudioVersion = 16.0.30413.136
MinimumVisualStudioVersion = 10.0.40219.1
Project("{FAE04EC0-301F-11D3-BF4B-00C04F79EFBC}") = "Week5Arrays", "Week5Arrays\Week5Arrays.csproj", "{442DBA63-9E3A-4F4C-8EC6-326C4B947C83}"
EndProject
Project("{FAE04EC0-301F-11D3-BF4B-00C04F79EFBC}") = "Week5Arrays2", "Week5Arrays2\Week5Arrays2.csproj", "{37577D88-7E7A-4BEE-BDC3-3EC3F38E1D49}"
EndProject
Global
	GlobalSection(SolutionConfigurationPlatforms) = preSolution
		Debug|Any CPU = Debug|Any CPU
		Release|Any CPU = Release|Any CPU
	EndGlobalSection
	GlobalSection(ProjectConfigurationPlatforms) = postSolution
		{442DBA63-9E3A-4F4C-8EC6-326C4B947C83}.Debug|Any CPU.ActiveCfg = Debug|Any CPU
		{442DBA63-9E3A-4F4C-8EC6-326C4B947C83}.Debug|Any CPU.Build.0 = Debug|Any CPU
		{442DBA63-9E3A-4F4C-8EC6-326C4B947C83}.Release|Any CPU.ActiveCfg = Release|Any CPU
		{442DBA63-9E3A-4F4C-8EC6-326C4B947C83}.Release|Any CPU.Build.0 = Release|Any CPU
		{37577D88-7E7A-4BEE-BDC3-3EC3F38E1D49}.Debug|Any CPU.ActiveCfg = Debug|Any CPU
		{37577D88-7E7A-4BEE-BDC3-3EC3F38E1D49}.Debug|Any CPU.Build.0 = Debug|Any CPU
		{37577D88-7E7A-4BEE-BDC3-3EC3F38E1D49}.Release|Any CPU.ActiveCfg = Release|Any CPU
		{37577D88-7E7A-4BEE-BDC3-3EC3F38E1D49}.Release|Any CPU.Build.0 = Release|Any CPU
	EndGlobalSection
	GlobalSection(SolutionProperties) = preSolution
		HideSolutionNode = FALSE
	EndGlobalSection
	GlobalSection(ExtensibilityGlobals) = postSolution
		SolutionGuid = {FCAA2B61-5255-4C88-A75F-948FE26F4702}
	EndGlobalSection
EndGlobal
